
Microsoft Visual Studio Solution File, Format Version 12.00
# Visual Studio Version 16
VisualStudioVersion = 16.0.30021.99
MinimumVisualStudioVersion = 10.0.40219.1
Project("{FAE04EC0-301F-11D3-BF4B-00C04F79EFBC}") = "ASPNET-playground", "ASPNET-playground\ASPNET-playground.csproj", "{A29E3FE4-B666-4786-B582-A4CE5AF2CACC}"
EndProject
Global
	GlobalSection(SolutionConfigurationPlatforms) = preSolution
		Debug|Any CPU = Debug|Any CPU
		Release|Any CPU = Release|Any CPU
	EndGlobalSection
	GlobalSection(ProjectConfigurationPlatforms) = postSolution
		{A29E3FE4-B666-4786-B582-A4CE5AF2CACC}.Debug|Any CPU.ActiveCfg = Debug|Any CPU
		{A29E3FE4-B666-4786-B582-A4CE5AF2CACC}.Debug|Any CPU.Build.0 = Debug|Any CPU
		{A29E3FE4-B666-4786-B582-A4CE5AF2CACC}.Release|Any CPU.ActiveCfg = Release|Any CPU
		{A29E3FE4-B666-4786-B582-A4CE5AF2CACC}.Release|Any CPU.Build.0 = Release|Any CPU
	EndGlobalSection
	GlobalSection(SolutionProperties) = preSolution
		HideSolutionNode = FALSE
	EndGlobalSection
	GlobalSection(ExtensibilityGlobals) = postSolution
		SolutionGuid = {DDEF8177-62BE-4AF8-8EE4-1577AF7B1FED}
	EndGlobalSection
EndGlobal
